{
  "name": "homebridge-govee",
  "version": "3.0.0-0",
  "lockfileVersion": 1,
  "requires": true,
  "dependencies": {
    "@homebridge/plugin-ui-utils": {
      "version": "0.0.19",
      "resolved": "https://registry.npmjs.org/@homebridge/plugin-ui-utils/-/plugin-ui-utils-0.0.19.tgz",
      "integrity": "sha512-axFX7lN2Yd7bz/6SlD7dzq5sY/N9+XYuLHPukuiyHQRDtNMRL1uDqJhOx6RVaN2tYDHB75h7YxRQWP7U44Mgzg=="
    },
    "axios": {
      "version": "0.21.1",
      "resolved": "https://registry.npmjs.org/axios/-/axios-0.21.1.tgz",
      "integrity": "sha512-dKQiRHxGD9PPRIUNIWvZhPTPpl1rf/OxTYKsqKUDjBwYylTvV7SjSHJb9ratfyzM6wCdLCOYLzs73qpg5c4iGA==",
      "requires": {
        "follow-redirects": "^1.10.0"
      }
    },
    "eventemitter3": {
      "version": "4.0.7",
      "resolved": "https://registry.npmjs.org/eventemitter3/-/eventemitter3-4.0.7.tgz",
      "integrity": "sha512-8guHBZCwKnFhYdHr2ysuRWErTwhoN2X8XELRlrRwpmfeY2jjuUN4taQMsULKUVo1K4DvZl+0pgfyoysHxvmvEw=="
    },
    "follow-redirects": {
      "version": "1.13.3",
      "resolved": "https://registry.npmjs.org/follow-redirects/-/follow-redirects-1.13.3.tgz",
      "integrity": "sha512-DUgl6+HDzB0iEptNQEXLx/KhTmDb8tZUHSeLqpnjpknR70H0nC2t9N73BK6fN4hOvJ84pKlIQVQ4k5FFlBedKA=="
    },
    "p-queue": {
      "version": "7.0.0",
      "resolved": "https://registry.npmjs.org/p-queue/-/p-queue-7.0.0.tgz",
      "integrity": "sha512-Nm7BFnoAFw2BA6EdIbblm/HjTyagQQqOijAaT2jnGDz/wjn2dwnOk6GEiVlQvHfCJwcXFr2evMpkghLNZsonAQ==",
      "requires": {
        "eventemitter3": "^4.0.7",
        "p-timeout": "^4.1.0"
      }
    },
    "p-timeout": {
      "version": "4.1.0",
      "resolved": "https://registry.npmjs.org/p-timeout/-/p-timeout-4.1.0.tgz",
      "integrity": "sha512-+/wmHtzJuWii1sXn3HCuH/FTwGhrp4tmJTxSKJbfS+vkipci6osxXM5mY0jUiRzWKMTgUT8l7HFbeSwZAynqHw=="
    }
  }
}
