{
  "name": "homebridge-govee",
  "version": "2.8.5-1",
  "lockfileVersion": 1,
  "requires": true,
  "dependencies": {
    "@homebridge/plugin-ui-utils": {
      "version": "0.0.18",
      "resolved": "https://registry.npmjs.org/@homebridge/plugin-ui-utils/-/plugin-ui-utils-0.0.18.tgz",
      "integrity": "sha512-ZxiSSxMKXHtv4IUtI3oVPCQwwtRPDfCGYa+SMhj0avLM9amVoqwTqFxa4psj6VjF5RJV1cuUMNJWJa8T8R/Pbg=="
    },
    "axios": {
      "version": "0.21.1",
      "resolved": "https://registry.npmjs.org/axios/-/axios-0.21.1.tgz",
      "integrity": "sha512-dKQiRHxGD9PPRIUNIWvZhPTPpl1rf/OxTYKsqKUDjBwYylTvV7SjSHJb9ratfyzM6wCdLCOYLzs73qpg5c4iGA==",
      "requires": {
        "follow-redirects": "^1.10.0"
      }
    },
    "follow-redirects": {
      "version": "1.13.2",
      "resolved": "https://registry.npmjs.org/follow-redirects/-/follow-redirects-1.13.2.tgz",
      "integrity": "sha512-6mPTgLxYm3r6Bkkg0vNM0HTjfGrOEtsfbhagQvbxDEsEkpNhw582upBaoRZylzen6krEmxXJgt9Ju6HiI4O7BA=="
    }
  }
}
